
Microsoft Visual Studio Solution File, Format Version 12.00
# Visual Studio Version 17
VisualStudioVersion = 17.6.33801.468
MinimumVisualStudioVersion = 10.0.40219.1
Project("{FAE04EC0-301F-11D3-BF4B-00C04F79EFBC}") = "MedicalVisionPioneer", "MedicalVisionPioneer\MedicalVisionPioneer.csproj", "{CE29DDD2-E3FF-432F-A3C4-A02BF43BED65}"
EndProject
Global
	GlobalSection(SolutionConfigurationPlatforms) = preSolution
		Debug|Any CPU = Debug|Any CPU
		Release|Any CPU = Release|Any CPU
	EndGlobalSection
	GlobalSection(ProjectConfigurationPlatforms) = postSolution
		{CE29DDD2-E3FF-432F-A3C4-A02BF43BED65}.Debug|Any CPU.ActiveCfg = Debug|Any CPU
		{CE29DDD2-E3FF-432F-A3C4-A02BF43BED65}.Debug|Any CPU.Build.0 = Debug|Any CPU
		{CE29DDD2-E3FF-432F-A3C4-A02BF43BED65}.Release|Any CPU.ActiveCfg = Release|Any CPU
		{CE29DDD2-E3FF-432F-A3C4-A02BF43BED65}.Release|Any CPU.Build.0 = Release|Any CPU
	EndGlobalSection
	GlobalSection(SolutionProperties) = preSolution
		HideSolutionNode = FALSE
	EndGlobalSection
	GlobalSection(ExtensibilityGlobals) = postSolution
		SolutionGuid = {ADD8B005-D0E1-42EB-A602-760F214669DD}
	EndGlobalSection
EndGlobal
